
Microsoft Visual Studio Solution File, Format Version 12.00
# Visual Studio Version 17
VisualStudioVersion = 17.11.35431.28
MinimumVisualStudioVersion = 10.0.40219.1
Project("{FAE04EC0-301F-11D3-BF4B-00C04F79EFBC}") = "SRED.IO.Task1.Api", "SRED.IO.Task1.Api.csproj", "{D7232F59-4918-4609-804A-5E14B5EA945B}"
EndProject
Global
	GlobalSection(SolutionConfigurationPlatforms) = preSolution
		Debug|Any CPU = Debug|Any CPU
		Release|Any CPU = Release|Any CPU
	EndGlobalSection
	GlobalSection(ProjectConfigurationPlatforms) = postSolution
		{D7232F59-4918-4609-804A-5E14B5EA945B}.Debug|Any CPU.ActiveCfg = Debug|Any CPU
		{D7232F59-4918-4609-804A-5E14B5EA945B}.Debug|Any CPU.Build.0 = Debug|Any CPU
		{D7232F59-4918-4609-804A-5E14B5EA945B}.Release|Any CPU.ActiveCfg = Release|Any CPU
		{D7232F59-4918-4609-804A-5E14B5EA945B}.Release|Any CPU.Build.0 = Release|Any CPU
	EndGlobalSection
	GlobalSection(SolutionProperties) = preSolution
		HideSolutionNode = FALSE
	EndGlobalSection
	GlobalSection(ExtensibilityGlobals) = postSolution
		SolutionGuid = {07C15183-71D0-49A4-9C8C-3D36047289FB}
	EndGlobalSection
EndGlobal
